
Microsoft Visual Studio Solution File, Format Version 12.00
# Visual Studio 2017
Project("{FAE04EC0-301F-11D3-BF4B-00C04F79EFBC}") = "RollerMdness", "RollerMdness.csproj", "{C002658A-6DCD-3B12-B749-FF348903010A}"
EndProject
Project("{FAE04EC0-301F-11D3-BF4B-00C04F79EFBC}") = "RollerMdness.Plugins", "RollerMdness.Plugins.csproj", "{9E8B5EF4-5E95-C74A-B0A7-80FB21F24618}"
EndProject
Project("{FAE04EC0-301F-11D3-BF4B-00C04F79EFBC}") = "RollerMdness.Editor", "RollerMdness.Editor.csproj", "{BE2177DD-D728-DC59-4D7E-51F1F6FDDC14}"
EndProject
Global
	GlobalSection(SolutionConfigurationPlatforms) = preSolution
		Debug|Any CPU = Debug|Any CPU
		Release|Any CPU = Release|Any CPU
	EndGlobalSection
	GlobalSection(ProjectConfigurationPlatforms) = postSolution
		{C002658A-6DCD-3B12-B749-FF348903010A}.Debug|Any CPU.ActiveCfg = Debug|Any CPU
		{C002658A-6DCD-3B12-B749-FF348903010A}.Debug|Any CPU.Build.0 = Debug|Any CPU
		{C002658A-6DCD-3B12-B749-FF348903010A}.Release|Any CPU.ActiveCfg = Release|Any CPU
		{C002658A-6DCD-3B12-B749-FF348903010A}.Release|Any CPU.Build.0 = Release|Any CPU
		{9E8B5EF4-5E95-C74A-B0A7-80FB21F24618}.Debug|Any CPU.ActiveCfg = Debug|Any CPU
		{9E8B5EF4-5E95-C74A-B0A7-80FB21F24618}.Debug|Any CPU.Build.0 = Debug|Any CPU
		{9E8B5EF4-5E95-C74A-B0A7-80FB21F24618}.Release|Any CPU.ActiveCfg = Release|Any CPU
		{9E8B5EF4-5E95-C74A-B0A7-80FB21F24618}.Release|Any CPU.Build.0 = Release|Any CPU
		{BE2177DD-D728-DC59-4D7E-51F1F6FDDC14}.Debug|Any CPU.ActiveCfg = Debug|Any CPU
		{BE2177DD-D728-DC59-4D7E-51F1F6FDDC14}.Debug|Any CPU.Build.0 = Debug|Any CPU
		{BE2177DD-D728-DC59-4D7E-51F1F6FDDC14}.Release|Any CPU.ActiveCfg = Release|Any CPU
		{BE2177DD-D728-DC59-4D7E-51F1F6FDDC14}.Release|Any CPU.Build.0 = Release|Any CPU
	EndGlobalSection
	GlobalSection(SolutionProperties) = preSolution
		HideSolutionNode = FALSE
	EndGlobalSection
EndGlobal
